{
  "requires": true,
  "lockfileVersion": 1,
  "dependencies": {
<<<<<<< HEAD
    "array-includes": {
      "version": "3.0.3",
      "resolved": "https://registry.npmjs.org/array-includes/-/array-includes-3.0.3.tgz",
      "integrity": "sha1-GEtI9i2S10UrsxsyMWXH+L0CJm0=",
      "requires": {
        "define-properties": "1.1.2",
        "es-abstract": "1.11.0"
      }
    },
    "asap": {
      "version": "2.0.6",
      "resolved": "https://registry.npmjs.org/asap/-/asap-2.0.6.tgz",
      "integrity": "sha1-5QNHYR1+aQlDIIu9r+vLwvuGbUY="
    },
    "classnames": {
      "version": "2.2.5",
      "resolved": "https://registry.npmjs.org/classnames/-/classnames-2.2.5.tgz",
      "integrity": "sha1-+zgB1FNGdknvNgPH1hoCvRKb3m0="
    },
    "core-js": {
      "version": "1.2.7",
      "resolved": "https://registry.npmjs.org/core-js/-/core-js-1.2.7.tgz",
      "integrity": "sha1-ZSKUwUZR2yj6k70tX/KYOk8IxjY="
    },
    "date-arithmetic": {
      "version": "3.1.0",
      "resolved": "https://registry.npmjs.org/date-arithmetic/-/date-arithmetic-3.1.0.tgz",
      "integrity": "sha1-H80D29UEudvuK5B4yFpfHH08wtM="
    },
    "define-properties": {
      "version": "1.1.2",
      "resolved": "https://registry.npmjs.org/define-properties/-/define-properties-1.1.2.tgz",
      "integrity": "sha1-g6c/L+pWmJj7c3GTyPhzyvbUXJQ=",
      "requires": {
        "foreach": "2.0.5",
        "object-keys": "1.0.11"
      }
    },
    "doctrine": {
      "version": "2.1.0",
      "resolved": "https://registry.npmjs.org/doctrine/-/doctrine-2.1.0.tgz",
      "integrity": "sha512-35mSku4ZXK0vfCuHEDAwt55dg2jNajHZ1odvF+8SSr82EsZY4QmXfuWso8oEd8zRhVObSN18aM0CjSdoBX7zIw==",
      "requires": {
        "esutils": "2.0.2"
      }
    },
    "dom-helpers": {
      "version": "3.3.1",
      "resolved": "https://registry.npmjs.org/dom-helpers/-/dom-helpers-3.3.1.tgz",
      "integrity": "sha512-2Sm+JaYn74OiTM2wHvxJOo3roiq/h25Yi69Fqk269cNUwIXsCvATB6CRSFC9Am/20G2b28hGv/+7NiWydIrPvg=="
    },
    "encoding": {
      "version": "0.1.12",
      "resolved": "https://registry.npmjs.org/encoding/-/encoding-0.1.12.tgz",
      "integrity": "sha1-U4tm8+5izRq1HsMjgp0flIDHS+s=",
      "requires": {
        "iconv-lite": "0.4.21"
      }
    },
    "es-abstract": {
      "version": "1.11.0",
      "resolved": "https://registry.npmjs.org/es-abstract/-/es-abstract-1.11.0.tgz",
      "integrity": "sha512-ZnQrE/lXTTQ39ulXZ+J1DTFazV9qBy61x2bY071B+qGco8Z8q1QddsLdt/EF8Ai9hcWH72dWS0kFqXLxOxqslA==",
      "requires": {
        "es-to-primitive": "1.1.1",
        "function-bind": "1.1.1",
        "has": "1.0.1",
        "is-callable": "1.1.3",
        "is-regex": "1.0.4"
      }
    },
    "es-to-primitive": {
      "version": "1.1.1",
      "resolved": "https://registry.npmjs.org/es-to-primitive/-/es-to-primitive-1.1.1.tgz",
      "integrity": "sha1-RTVSSKiJeQNLZ5Lhm7gfK3l13Q0=",
      "requires": {
        "is-callable": "1.1.3",
        "is-date-object": "1.0.1",
        "is-symbol": "1.0.1"
      }
    },
    "eslint-plugin-react": {
      "version": "7.7.0",
      "resolved": "https://registry.npmjs.org/eslint-plugin-react/-/eslint-plugin-react-7.7.0.tgz",
      "integrity": "sha512-KC7Snr4YsWZD5flu6A5c0AcIZidzW3Exbqp7OT67OaD2AppJtlBr/GuPrW/vaQM/yfZotEvKAdrxrO+v8vwYJA==",
      "requires": {
        "doctrine": "2.1.0",
        "has": "1.0.1",
        "jsx-ast-utils": "2.0.1",
        "prop-types": "15.6.1"
      }
    },
    "esutils": {
      "version": "2.0.2",
      "resolved": "https://registry.npmjs.org/esutils/-/esutils-2.0.2.tgz",
      "integrity": "sha1-Cr9PHKpbyx96nYrMbepPqqBLrJs="
    },
    "fbjs": {
      "version": "0.8.16",
      "resolved": "https://registry.npmjs.org/fbjs/-/fbjs-0.8.16.tgz",
      "integrity": "sha1-XmdDL1UNxBtXK/VYR7ispk5TN9s=",
      "requires": {
        "core-js": "1.2.7",
        "isomorphic-fetch": "2.2.1",
        "loose-envify": "1.3.1",
        "object-assign": "4.1.1",
        "promise": "7.3.1",
        "setimmediate": "1.0.5",
        "ua-parser-js": "0.7.17"
      }
    },
    "foreach": {
      "version": "2.0.5",
      "resolved": "https://registry.npmjs.org/foreach/-/foreach-2.0.5.tgz",
      "integrity": "sha1-C+4AUBiusmDQo6865ljdATbsG5k="
    },
    "function-bind": {
      "version": "1.1.1",
      "resolved": "https://registry.npmjs.org/function-bind/-/function-bind-1.1.1.tgz",
      "integrity": "sha512-yIovAzMX49sF8Yl58fSCWJ5svSLuaibPxXQJFLmBObTuCr0Mf1KiPopGM9NiFjiYBCbfaa2Fh6breQ6ANVTI0A=="
    },
    "has": {
      "version": "1.0.1",
      "resolved": "https://registry.npmjs.org/has/-/has-1.0.1.tgz",
      "integrity": "sha1-hGFzP1OLCDfJNh45qauelwTcLyg=",
      "requires": {
        "function-bind": "1.1.1"
      }
    },
    "iconv-lite": {
      "version": "0.4.21",
      "resolved": "https://registry.npmjs.org/iconv-lite/-/iconv-lite-0.4.21.tgz",
      "integrity": "sha512-En5V9za5mBt2oUA03WGD3TwDv0MKAruqsuxstbMUZaj9W9k/m1CV/9py3l0L5kw9Bln8fdHQmzHSYtvpvTLpKw==",
      "requires": {
        "safer-buffer": "2.1.2"
      }
    },
    "invariant": {
      "version": "2.2.4",
      "resolved": "https://registry.npmjs.org/invariant/-/invariant-2.2.4.tgz",
      "integrity": "sha512-phJfQVBuaJM5raOpJjSfkiD6BpbCE4Ns//LaXl6wGYtUBY83nWS6Rf9tXm2e8VaK60JEjYldbPif/A2B1C2gNA==",
      "requires": {
        "loose-envify": "1.3.1"
      }
    },
    "is-callable": {
      "version": "1.1.3",
      "resolved": "https://registry.npmjs.org/is-callable/-/is-callable-1.1.3.tgz",
      "integrity": "sha1-hut1OSgF3cM69xySoO7fdO52BLI="
    },
    "is-date-object": {
      "version": "1.0.1",
      "resolved": "https://registry.npmjs.org/is-date-object/-/is-date-object-1.0.1.tgz",
      "integrity": "sha1-mqIOtq7rv/d/vTPnTKAbM1gdOhY="
    },
    "is-regex": {
      "version": "1.0.4",
      "resolved": "https://registry.npmjs.org/is-regex/-/is-regex-1.0.4.tgz",
      "integrity": "sha1-VRdIm1RwkbCTDglWVM7SXul+lJE=",
      "requires": {
        "has": "1.0.1"
      }
    },
    "is-stream": {
      "version": "1.1.0",
      "resolved": "https://registry.npmjs.org/is-stream/-/is-stream-1.1.0.tgz",
      "integrity": "sha1-EtSj3U5o4Lec6428hBc66A2RykQ="
    },
    "is-symbol": {
      "version": "1.0.1",
      "resolved": "https://registry.npmjs.org/is-symbol/-/is-symbol-1.0.1.tgz",
      "integrity": "sha1-PMWfAAJRlLarLjjbrmaJJWtmBXI="
    },
    "isomorphic-fetch": {
      "version": "2.2.1",
      "resolved": "https://registry.npmjs.org/isomorphic-fetch/-/isomorphic-fetch-2.2.1.tgz",
      "integrity": "sha1-YRrhrPFPXoH3KVB0coGf6XM1WKk=",
      "requires": {
        "node-fetch": "1.7.3",
        "whatwg-fetch": "2.0.4"
      }
    },
    "js-tokens": {
      "version": "3.0.2",
      "resolved": "https://registry.npmjs.org/js-tokens/-/js-tokens-3.0.2.tgz",
      "integrity": "sha1-mGbfOVECEw449/mWvOtlRDIJwls="
    },
    "jsx-ast-utils": {
      "version": "2.0.1",
      "resolved": "https://registry.npmjs.org/jsx-ast-utils/-/jsx-ast-utils-2.0.1.tgz",
      "integrity": "sha1-6AGxs5mF4g//yHtA43SAgOLcrH8=",
      "requires": {
        "array-includes": "3.0.3"
      }
    },
    "loose-envify": {
      "version": "1.3.1",
      "resolved": "https://registry.npmjs.org/loose-envify/-/loose-envify-1.3.1.tgz",
      "integrity": "sha1-0aitM/qc4OcT1l/dCsi3SNR4yEg=",
      "requires": {
        "js-tokens": "3.0.2"
      }
    },
    "node-fetch": {
      "version": "1.7.3",
      "resolved": "https://registry.npmjs.org/node-fetch/-/node-fetch-1.7.3.tgz",
      "integrity": "sha512-NhZ4CsKx7cYm2vSrBAr2PvFOe6sWDf0UYLRqA6svUYg7+/TSfVAu49jYC4BvQ4Sms9SZgdqGBgroqfDhJdTyKQ==",
      "requires": {
        "encoding": "0.1.12",
        "is-stream": "1.1.0"
      }
    },
    "object-assign": {
      "version": "4.1.1",
      "resolved": "https://registry.npmjs.org/object-assign/-/object-assign-4.1.1.tgz",
      "integrity": "sha1-IQmtx5ZYh8/AXLvUQsrIv7s2CGM="
    },
    "object-keys": {
      "version": "1.0.11",
      "resolved": "https://registry.npmjs.org/object-keys/-/object-keys-1.0.11.tgz",
      "integrity": "sha1-xUYBd4rVYPEULODgG8yotW0TQm0="
    },
    "promise": {
      "version": "7.3.1",
      "resolved": "https://registry.npmjs.org/promise/-/promise-7.3.1.tgz",
      "integrity": "sha512-nolQXZ/4L+bP/UGlkfaIujX9BKxGwmQ9OT4mOt5yvy8iK1h3wqTEJCijzGANTCCl9nWjY41juyAn2K3Q1hLLTg==",
      "requires": {
        "asap": "2.0.6"
      }
    },
    "prop-types": {
      "version": "15.6.1",
      "resolved": "https://registry.npmjs.org/prop-types/-/prop-types-15.6.1.tgz",
      "integrity": "sha512-4ec7bY1Y66LymSUOH/zARVYObB23AT2h8cf6e/O6ZALB/N0sqZFEx7rq6EYPX2MkOdKORuooI/H5k9TlR4q7kQ==",
      "requires": {
        "fbjs": "0.8.16",
        "loose-envify": "1.3.1",
        "object-assign": "4.1.1"
      }
    },
    "prop-types-extra": {
      "version": "1.0.1",
      "resolved": "https://registry.npmjs.org/prop-types-extra/-/prop-types-extra-1.0.1.tgz",
      "integrity": "sha1-pXvUgQ6C0no/9DF+zBtK0AX3moI=",
      "requires": {
        "warning": "3.0.0"
      }
    },
    "react-component-managers": {
      "version": "3.2.1",
      "resolved": "https://registry.npmjs.org/react-component-managers/-/react-component-managers-3.2.1.tgz",
      "integrity": "sha512-lTuppdnTHC8ZGbJhcL2DflQHrk76Y50/jboz1vkERow6n6D55Ss4KIWnoyIUEK1UuTa1L2397tK4R5RmZj0VoA==",
      "requires": {
        "prop-types": "15.6.1",
        "spy-on-component": "1.1.0"
      }
    },
    "react-transition-group": {
      "version": "2.3.1",
      "resolved": "https://registry.npmjs.org/react-transition-group/-/react-transition-group-2.3.1.tgz",
      "integrity": "sha512-hu4/LAOFSKjWt1+1hgnOv3ldxmt6lvZGTWz4KUkFrqzXrNDIVSu6txIcPszw7PNduR8en9YTN55JLRyd/L1ZiQ==",
      "requires": {
        "dom-helpers": "3.3.1",
        "loose-envify": "1.3.1",
        "prop-types": "15.6.1"
      }
    },
    "react-widgets": {
      "version": "4.2.6",
      "resolved": "https://registry.npmjs.org/react-widgets/-/react-widgets-4.2.6.tgz",
      "integrity": "sha512-GnKH/+Yi1m3nghCif2TY8KyGbhJEeP1GJ5E/47LLu9Iby0xIUOh4l+tjGk/XHPmHjyi6JlQ+4xw7t6xLw7XVcw==",
      "requires": {
        "classnames": "2.2.5",
        "date-arithmetic": "3.1.0",
        "dom-helpers": "3.3.1",
        "invariant": "2.2.4",
        "prop-types-extra": "1.0.1",
        "react-component-managers": "3.2.1",
        "react-transition-group": "2.3.1",
        "uncontrollable": "5.1.0",
        "warning": "3.0.0"
      }
    },
    "safer-buffer": {
      "version": "2.1.2",
      "resolved": "https://registry.npmjs.org/safer-buffer/-/safer-buffer-2.1.2.tgz",
      "integrity": "sha512-YZo3K82SD7Riyi0E1EQPojLz7kpepnSQI9IyPbHHg1XXXevb5dJI7tpyN2ADxGcQbHG7vcyRHk0cbwqcQriUtg=="
    },
    "setimmediate": {
      "version": "1.0.5",
      "resolved": "https://registry.npmjs.org/setimmediate/-/setimmediate-1.0.5.tgz",
      "integrity": "sha1-KQy7Iy4waULX1+qbg3Mqt4VvgoU="
    },
    "spy-on-component": {
      "version": "1.1.0",
      "resolved": "https://registry.npmjs.org/spy-on-component/-/spy-on-component-1.1.0.tgz",
      "integrity": "sha512-EaPv1XGUqSlRwSZACb82nUGSG08/nxyq5oF9r/QST+QvGuxebEh9MTP8YySRCOL0xqgQtdqUX1TdIy6l3UR5qg=="
    },
    "ua-parser-js": {
      "version": "0.7.17",
      "resolved": "https://registry.npmjs.org/ua-parser-js/-/ua-parser-js-0.7.17.tgz",
      "integrity": "sha512-uRdSdu1oA1rncCQL7sCj8vSyZkgtL7faaw9Tc9rZ3mGgraQ7+Pdx7w5mnOSF3gw9ZNG6oc+KXfkon3bKuROm0g=="
    },
    "uncontrollable": {
      "version": "5.1.0",
      "resolved": "https://registry.npmjs.org/uncontrollable/-/uncontrollable-5.1.0.tgz",
      "integrity": "sha512-5FXYaFANKaafg4IVZXUNtGyzsnYEvqlr9wQ3WpZxFpEUxl29A3H6Q4G1Dnnorvq9TGOGATBApWR4YpLAh+F5hw==",
      "requires": {
        "invariant": "2.2.4"
      }
    },
    "warning": {
      "version": "3.0.0",
      "resolved": "https://registry.npmjs.org/warning/-/warning-3.0.0.tgz",
      "integrity": "sha1-MuU3fLVy3kqwR1O9+IIcAe1gW3w=",
      "requires": {
        "loose-envify": "1.3.1"
      }
    },
    "whatwg-fetch": {
      "version": "2.0.4",
      "resolved": "https://registry.npmjs.org/whatwg-fetch/-/whatwg-fetch-2.0.4.tgz",
      "integrity": "sha512-dcQ1GWpOD/eEQ97k66aiEVpNnapVj90/+R+SXTPYGHpYBBypfKJEQjLrvMZ7YXbKm21gXd4NcuxUTjiv1YtLng=="
=======
    "@material/animation": {
      "version": "0.34.0",
      "resolved": "https://registry.npmjs.org/@material/animation/-/animation-0.34.0.tgz",
      "integrity": "sha512-HKWU+pHda+xSIV0lwrTMOb/N005NIAV7+tvEEjTiLrQx74eO6J9nIjfCpZ0W4D8Kb9K90lgHFo0ZRC6yDTjizQ=="
    },
    "@material/base": {
      "version": "0.34.0",
      "resolved": "https://registry.npmjs.org/@material/base/-/base-0.34.0.tgz",
      "integrity": "sha512-HFYy+AHPqPLv2V2aO+tlkhUH/wmt6PCfMzvGPS/ggef/nysu7akC95BG8iaQBCqjpq5sFXDWk7SEdJb/9NHJIQ=="
    },
    "@material/button": {
      "version": "0.34.1",
      "resolved": "https://registry.npmjs.org/@material/button/-/button-0.34.1.tgz",
      "integrity": "sha512-fYuMNviMDPd9r3/+f+2rbahzNnG6D+JXNrlfSn4Yuq61E2QRT9HlSF4+epS6srCQV4cJnaSKweth/gfcF9P23g==",
      "requires": {
        "@material/elevation": "0.34.0",
        "@material/ripple": "0.34.1",
        "@material/rtl": "0.34.0",
        "@material/theme": "0.34.0",
        "@material/typography": "0.34.0"
      }
    },
    "@material/elevation": {
      "version": "0.34.0",
      "resolved": "https://registry.npmjs.org/@material/elevation/-/elevation-0.34.0.tgz",
      "integrity": "sha512-m+DtLtZ9GFSXzc/oPr13NkwDaPjjNZ48TxeJA8TKKm9Jn2H+TLNCzNoG649+kd3gI386W6EDOtuzrVbr8SUHXw==",
      "requires": {
        "@material/animation": "0.34.0",
        "@material/theme": "0.4.0"
      },
      "dependencies": {
        "@material/theme": {
          "version": "0.4.0",
          "resolved": "https://registry.npmjs.org/@material/theme/-/theme-0.4.0.tgz",
          "integrity": "sha1-Cu8aAnm2XBWZBYT7i47KCVxzRkE="
        }
      }
    },
    "@material/ripple": {
      "version": "0.34.1",
      "resolved": "https://registry.npmjs.org/@material/ripple/-/ripple-0.34.1.tgz",
      "integrity": "sha512-lVCbGW/k6pSIyNiB1ur6L+fiU3yWgMFGHBwoEB+9DPj9VJsOgQW10uDfmnIjDZ/xYYVNjL+Y2MiW7DCMamhLdg==",
      "requires": {
        "@material/base": "0.34.0",
        "@material/theme": "0.34.0"
      }
    },
    "@material/rtl": {
      "version": "0.34.0",
      "resolved": "https://registry.npmjs.org/@material/rtl/-/rtl-0.34.0.tgz",
      "integrity": "sha512-e4gxmJT1ll2w8jL0TXxFshdBgFbb+VMgyIC4N6DigcPuG07HpY5dZwaA92Gd1C+uQoLv4PEaqidt6ZMpVeDzKw=="
    },
    "@material/theme": {
      "version": "0.34.0",
      "resolved": "https://registry.npmjs.org/@material/theme/-/theme-0.34.0.tgz",
      "integrity": "sha512-PXFRQ9Q8ycXz9ihb0UAGgnBTVzIq0Qd3jgonHLYMzIL9+8D4BrQqJlM9uyyN5N/7KwesP7ItiumdfZ5f5gfAxw=="
    },
    "@material/typography": {
      "version": "0.34.0",
      "resolved": "https://registry.npmjs.org/@material/typography/-/typography-0.34.0.tgz",
      "integrity": "sha512-NMFBSdwvUzhRVQQxK6m1dMHB4R1eGKsbkIOiBvsiclUF7bailSXJh8p+ki4YolTOy/jvNTdGlUMqF0W+/ebdtw=="
>>>>>>> 0ca1d0a056a17f4c9e00fe3052436ae7afb2769d
    }
  }
}
